
Microsoft Visual Studio Solution File, Format Version 12.00
# Visual Studio 15
VisualStudioVersion = 15.0.27004.2009
MinimumVisualStudioVersion = 10.0.40219.1
Project("{2150E333-8FDC-42A3-9474-1A3956D46DE8}") = "Orm Support", "Orm Support", "{2DD1F258-70CE-4F6B-8475-512CFF19E7A4}"
EndProject
Project("{2150E333-8FDC-42A3-9474-1A3956D46DE8}") = "Modules", "Modules", "{66EAAB83-655E-4C1C-B902-33687724A2B8}"
EndProject
Project("{2150E333-8FDC-42A3-9474-1A3956D46DE8}") = "UILayer", "UILayer", "{220D69A7-1E9A-492A-B30A-C5A3664DEE9F}"
EndProject
Project("{9A19103F-16F7-4668-BE54-9A1E7A4F7556}") = "IntegrationTests", "IntegrationTests\IntegrationTests.csproj", "{05B8F5CD-A839-4D39-9EF4-CF9CC87648E1}"
EndProject
Project("{FAE04EC0-301F-11D3-BF4B-00C04F79EFBC}") = "WarpCore.Web", "WarpCore.Web\WarpCore.Web.csproj", "{2206A30A-F468-48BD-BD98-59711A827298}"
EndProject
Project("{FAE04EC0-301F-11D3-BF4B-00C04F79EFBC}") = "DemoSite", "DemoSite\DemoSite.csproj", "{178D9121-361F-43B6-9341-C4A435174022}"
EndProject
Project("{FAE04EC0-301F-11D3-BF4B-00C04F79EFBC}") = "Helpers", "BusinessLayer\Cms\Helpers.csproj", "{60A3EC3C-BA12-405C-BAE8-543987F3F9AF}"
EndProject
Project("{2150E333-8FDC-42A3-9474-1A3956D46DE8}") = "Features", "Features", "{9B5B17EF-9DE2-49FA-B44E-9461611C4D4B}"
EndProject
Project("{2150E333-8FDC-42A3-9474-1A3956D46DE8}") = "Cms", "Cms", "{72EBB891-7A68-4979-A1A4-3DF0FDE5FF21}"
EndProject
Project("{FAE04EC0-301F-11D3-BF4B-00C04F79EFBC}") = "Cms Routing", "Routing\Cms Routing.csproj", "{B9D4AFC3-AE7D-4F42-8BB3-9B2A1394BB96}"
EndProject
Project("{2150E333-8FDC-42A3-9474-1A3956D46DE8}") = "Platform", "Platform", "{B71D8DF2-A32F-459B-B167-5F406180C548}"
EndProject
Project("{2150E333-8FDC-42A3-9474-1A3956D46DE8}") = "Crm", "Crm", "{4B381B36-4A82-4745-83D8-A67E45F77901}"
EndProject
Project("{FAE04EC0-301F-11D3-BF4B-00C04F79EFBC}") = "InMemoryDb", "Infrastructure\AzureStorage\InMemoryDb.csproj", "{029CFA15-E004-4022-A5C6-01575A2E0AA0}"
EndProject
Project("{FAE04EC0-301F-11D3-BF4B-00C04F79EFBC}") = "Platform DataAnnotations", "Platform DataAnnotations\Platform DataAnnotations.csproj", "{EF917AEE-6A91-47F9-A45E-E45650F9436A}"
EndProject
Project("{FAE04EC0-301F-11D3-BF4B-00C04F79EFBC}") = "Cms Security Model", "Cms Security Model\Cms Security Model.csproj", "{479132F0-854E-49C4-9079-DC548EC039E3}"
EndProject
Project("{2150E333-8FDC-42A3-9474-1A3956D46DE8}") = "RenderingEngines", "RenderingEngines", "{DB73B8DB-4249-49B9-90B5-38767617987C}"
EndProject
Project("{FAE04EC0-301F-11D3-BF4B-00C04F79EFBC}") = "Cms WebForms RenderingEngine", "Cms WebForms Rendering Engine\Cms WebForms RenderingEngine.csproj", "{0E35BDA1-F55F-4A44-BC11-051C6B4715AF}"
EndProject
Project("{FAE04EC0-301F-11D3-BF4B-00C04F79EFBC}") = "Cms Mvc RenderingEngine", "Cms Mvc Rendering Engine\Cms Mvc RenderingEngine.csproj", "{894FD5B8-EC87-4E29-A744-09D3513C212C}"
EndProject
Project("{FAE04EC0-301F-11D3-BF4B-00C04F79EFBC}") = "Cms Page Composer", "Cms Page Compositor\Cms Page Composer.csproj", "{7AFDB16F-6B42-494B-BAF4-42DB78A3FABC}"
EndProject
Project("{2150E333-8FDC-42A3-9474-1A3956D46DE8}") = "Presentation", "Presentation", "{7EC7380D-21CF-4BCD-91BE-CAB0F33F3A97}"
EndProject
Project("{FAE04EC0-301F-11D3-BF4B-00C04F79EFBC}") = "Cms Configuration", "Cms Configuration\Cms Configuration.csproj", "{B4524714-8D8D-428B-B4E8-D2869745182D}"
EndProject
Project("{FAE04EC0-301F-11D3-BF4B-00C04F79EFBC}") = "TestMvc", "TestMvc\TestMvc.csproj", "{DE530EFC-C88B-45AF-AA3B-4F57F0A41C37}"
EndProject
Project("{2150E333-8FDC-42A3-9474-1A3956D46DE8}") = "Cache", "Cache", "{70E277A8-DFED-4415-97A2-B70EAD27B81D}"
EndProject
Project("{FAE04EC0-301F-11D3-BF4B-00C04F79EFBC}") = "Cms Page OutputCache", "Cms Page OutputCache\Cms Page OutputCache.csproj", "{2F3FBE89-0182-4026-B6A5-86198EF431F4}"
EndProject
Project("{9A19103F-16F7-4668-BE54-9A1E7A4F7556}") = "BlazorComponents.Server", "BlazorComponents.Server\BlazorComponents.Server.csproj", "{B6C421E2-9A1D-467D-A59E-9105E7F1D8A5}"
EndProject
Project("{9A19103F-16F7-4668-BE54-9A1E7A4F7556}") = "BlazorComponents.Client", "BlazorComponents.Client\BlazorComponents.Client.csproj", "{CB1A8F92-1970-473B-976D-D3093D327A8F}"
EndProject
Project("{9A19103F-16F7-4668-BE54-9A1E7A4F7556}") = "BlazorComponents.Shared", "BlazorComponents.Shared\BlazorComponents.Shared.csproj", "{59DD9963-DE88-416E-9F78-08C3AD3C484C}"
EndProject
Project("{2150E333-8FDC-42A3-9474-1A3956D46DE8}") = "Sandbox", "Sandbox", "{876E07E2-8745-407F-B50D-9464DC04A4E1}"
EndProject
Project("{2150E333-8FDC-42A3-9474-1A3956D46DE8}") = "IncludedTooling", "IncludedTooling", "{1E5BA4D7-A40E-495C-898C-4D0CA78F53D6}"
EndProject
Project("{FAE04EC0-301F-11D3-BF4B-00C04F79EFBC}") = "BackendSiteTooling", "BackendSiteTooling\BackendSiteTooling.csproj", "{D9F38176-EF82-4A23-9981-5E0F4CB1ADEE}"
EndProject
Project("{9A19103F-16F7-4668-BE54-9A1E7A4F7556}") = "Cms Page Elements", "Cms Page Elements\Cms Page Elements.csproj", "{11CC6161-C3D9-486D-8E0B-206BB9479D3B}"
EndProject
Project("{9A19103F-16F7-4668-BE54-9A1E7A4F7556}") = "Cms Page Rendering", "Cms Page Rendering\Cms Page Rendering.csproj", "{BA17EAB5-6520-4435-A104-EDE47EB4CCC3}"
EndProject
Project("{2150E333-8FDC-42A3-9474-1A3956D46DE8}") = "Context", "Context", "{4F2680E6-9CDC-4D76-BF54-7AEA043B091E}"
EndProject
Project("{9A19103F-16F7-4668-BE54-9A1E7A4F7556}") = "Cms PageDesigner Context", "Cms PageDesigner Context\Cms PageDesigner Context.csproj", "{D1C31107-82D7-4530-A0AA-D750A3DD8386}"
EndProject
Project("{9A19103F-16F7-4668-BE54-9A1E7A4F7556}") = "Cms Request Context", "Cms Request Context\Cms Request Context.csproj", "{F0C718DD-DA88-4DA8-B713-FA0D1B24BE7B}"
EndProject
Project("{2150E333-8FDC-42A3-9474-1A3956D46DE8}") = "Hosting", "Hosting", "{B6A3FC7D-E6EE-47F2-9979-CF032AB0E512}"
EndProject
Project("{FAE04EC0-301F-11D3-BF4B-00C04F79EFBC}") = "Platform Hosting AspNet", "Platform Hosting AspNet\Platform Hosting AspNet.csproj", "{98C00B81-2A3E-4450-88BE-87E684B39F31}"
EndProject
Project("{2150E333-8FDC-42A3-9474-1A3956D46DE8}") = "NewFolder1", "NewFolder1", "{6FEC50B5-303F-4880-B814-4B8E62C09623}"
EndProject
Project("{9A19103F-16F7-4668-BE54-9A1E7A4F7556}") = "Platform Core", "Platform Core\Platform Core.csproj", "{83E69543-EC92-4480-A0B6-A3FD0EAD1BE4}"
EndProject
Project("{9A19103F-16F7-4668-BE54-9A1E7A4F7556}") = "Cms Site Content", "Cms Site Content\Cms Site Content.csproj", "{4BBDC8FE-0DDE-4DD4-BB5B-C31896D5156B}"
EndProject
Project("{9A19103F-16F7-4668-BE54-9A1E7A4F7556}") = "Platform Orm", "Platform Orm\Platform Orm.csproj", "{47861BA0-3E49-4908-BD58-76C4F0015394}"
EndProject
Project("{9A19103F-16F7-4668-BE54-9A1E7A4F7556}") = "Platform Extensibility", "Platform Extensibility\Platform Extensibility.csproj", "{02599E26-647E-4142-9A35-1523AB08717F}"
EndProject
Project("{9A19103F-16F7-4668-BE54-9A1E7A4F7556}") = "Platform SecurityModel", "Platform SecurityModel\Platform SecurityModel.csproj", "{BE21EDEE-BCAC-4EEB-A3D2-C450E080E2FD}"
EndProject
Project("{9A19103F-16F7-4668-BE54-9A1E7A4F7556}") = "Cms Toolbox", "Cms Toolbox\Cms Toolbox.csproj", "{60BB28EB-2853-47BF-A9F6-A385031B3C3A}"
EndProject
Project("{FAE04EC0-301F-11D3-BF4B-00C04F79EFBC}") = "BackendSiteApi", "BackendSiteApi\BackendSiteApi.csproj", "{201C8B1D-A85C-4682-B634-F752EDFEE5B2}"
EndProject
Global
	GlobalSection(SolutionConfigurationPlatforms) = preSolution
		Debug|Any CPU = Debug|Any CPU
		Release|Any CPU = Release|Any CPU
	EndGlobalSection
	GlobalSection(ProjectConfigurationPlatforms) = postSolution
		{05B8F5CD-A839-4D39-9EF4-CF9CC87648E1}.Debug|Any CPU.ActiveCfg = Debug|Any CPU
		{05B8F5CD-A839-4D39-9EF4-CF9CC87648E1}.Debug|Any CPU.Build.0 = Debug|Any CPU
		{05B8F5CD-A839-4D39-9EF4-CF9CC87648E1}.Release|Any CPU.ActiveCfg = Release|Any CPU
		{05B8F5CD-A839-4D39-9EF4-CF9CC87648E1}.Release|Any CPU.Build.0 = Release|Any CPU
		{2206A30A-F468-48BD-BD98-59711A827298}.Debug|Any CPU.ActiveCfg = Debug|Any CPU
		{2206A30A-F468-48BD-BD98-59711A827298}.Debug|Any CPU.Build.0 = Debug|Any CPU
		{2206A30A-F468-48BD-BD98-59711A827298}.Release|Any CPU.ActiveCfg = Release|Any CPU
		{2206A30A-F468-48BD-BD98-59711A827298}.Release|Any CPU.Build.0 = Release|Any CPU
		{178D9121-361F-43B6-9341-C4A435174022}.Debug|Any CPU.ActiveCfg = Debug|Any CPU
		{178D9121-361F-43B6-9341-C4A435174022}.Debug|Any CPU.Build.0 = Debug|Any CPU
		{178D9121-361F-43B6-9341-C4A435174022}.Release|Any CPU.ActiveCfg = Release|Any CPU
		{178D9121-361F-43B6-9341-C4A435174022}.Release|Any CPU.Build.0 = Release|Any CPU
		{60A3EC3C-BA12-405C-BAE8-543987F3F9AF}.Debug|Any CPU.ActiveCfg = Debug|Any CPU
		{60A3EC3C-BA12-405C-BAE8-543987F3F9AF}.Debug|Any CPU.Build.0 = Debug|Any CPU
		{60A3EC3C-BA12-405C-BAE8-543987F3F9AF}.Release|Any CPU.ActiveCfg = Release|Any CPU
		{60A3EC3C-BA12-405C-BAE8-543987F3F9AF}.Release|Any CPU.Build.0 = Release|Any CPU
		{B9D4AFC3-AE7D-4F42-8BB3-9B2A1394BB96}.Debug|Any CPU.ActiveCfg = Debug|Any CPU
		{B9D4AFC3-AE7D-4F42-8BB3-9B2A1394BB96}.Debug|Any CPU.Build.0 = Debug|Any CPU
		{B9D4AFC3-AE7D-4F42-8BB3-9B2A1394BB96}.Release|Any CPU.ActiveCfg = Release|Any CPU
		{B9D4AFC3-AE7D-4F42-8BB3-9B2A1394BB96}.Release|Any CPU.Build.0 = Release|Any CPU
		{029CFA15-E004-4022-A5C6-01575A2E0AA0}.Debug|Any CPU.ActiveCfg = Debug|Any CPU
		{029CFA15-E004-4022-A5C6-01575A2E0AA0}.Debug|Any CPU.Build.0 = Debug|Any CPU
		{029CFA15-E004-4022-A5C6-01575A2E0AA0}.Release|Any CPU.ActiveCfg = Release|Any CPU
		{029CFA15-E004-4022-A5C6-01575A2E0AA0}.Release|Any CPU.Build.0 = Release|Any CPU
		{EF917AEE-6A91-47F9-A45E-E45650F9436A}.Debug|Any CPU.ActiveCfg = Debug|Any CPU
		{EF917AEE-6A91-47F9-A45E-E45650F9436A}.Debug|Any CPU.Build.0 = Debug|Any CPU
		{EF917AEE-6A91-47F9-A45E-E45650F9436A}.Release|Any CPU.ActiveCfg = Release|Any CPU
		{EF917AEE-6A91-47F9-A45E-E45650F9436A}.Release|Any CPU.Build.0 = Release|Any CPU
		{479132F0-854E-49C4-9079-DC548EC039E3}.Debug|Any CPU.ActiveCfg = Debug|Any CPU
		{479132F0-854E-49C4-9079-DC548EC039E3}.Debug|Any CPU.Build.0 = Debug|Any CPU
		{479132F0-854E-49C4-9079-DC548EC039E3}.Release|Any CPU.ActiveCfg = Release|Any CPU
		{479132F0-854E-49C4-9079-DC548EC039E3}.Release|Any CPU.Build.0 = Release|Any CPU
		{0E35BDA1-F55F-4A44-BC11-051C6B4715AF}.Debug|Any CPU.ActiveCfg = Debug|Any CPU
		{0E35BDA1-F55F-4A44-BC11-051C6B4715AF}.Debug|Any CPU.Build.0 = Debug|Any CPU
		{0E35BDA1-F55F-4A44-BC11-051C6B4715AF}.Release|Any CPU.ActiveCfg = Release|Any CPU
		{0E35BDA1-F55F-4A44-BC11-051C6B4715AF}.Release|Any CPU.Build.0 = Release|Any CPU
		{894FD5B8-EC87-4E29-A744-09D3513C212C}.Debug|Any CPU.ActiveCfg = Debug|Any CPU
		{894FD5B8-EC87-4E29-A744-09D3513C212C}.Debug|Any CPU.Build.0 = Debug|Any CPU
		{894FD5B8-EC87-4E29-A744-09D3513C212C}.Release|Any CPU.ActiveCfg = Release|Any CPU
		{894FD5B8-EC87-4E29-A744-09D3513C212C}.Release|Any CPU.Build.0 = Release|Any CPU
		{7AFDB16F-6B42-494B-BAF4-42DB78A3FABC}.Debug|Any CPU.ActiveCfg = Debug|Any CPU
		{7AFDB16F-6B42-494B-BAF4-42DB78A3FABC}.Debug|Any CPU.Build.0 = Debug|Any CPU
		{7AFDB16F-6B42-494B-BAF4-42DB78A3FABC}.Release|Any CPU.ActiveCfg = Release|Any CPU
		{7AFDB16F-6B42-494B-BAF4-42DB78A3FABC}.Release|Any CPU.Build.0 = Release|Any CPU
		{B4524714-8D8D-428B-B4E8-D2869745182D}.Debug|Any CPU.ActiveCfg = Debug|Any CPU
		{B4524714-8D8D-428B-B4E8-D2869745182D}.Debug|Any CPU.Build.0 = Debug|Any CPU
		{B4524714-8D8D-428B-B4E8-D2869745182D}.Release|Any CPU.ActiveCfg = Release|Any CPU
		{B4524714-8D8D-428B-B4E8-D2869745182D}.Release|Any CPU.Build.0 = Release|Any CPU
		{DE530EFC-C88B-45AF-AA3B-4F57F0A41C37}.Debug|Any CPU.ActiveCfg = Debug|Any CPU
		{DE530EFC-C88B-45AF-AA3B-4F57F0A41C37}.Debug|Any CPU.Build.0 = Debug|Any CPU
		{DE530EFC-C88B-45AF-AA3B-4F57F0A41C37}.Release|Any CPU.ActiveCfg = Release|Any CPU
		{DE530EFC-C88B-45AF-AA3B-4F57F0A41C37}.Release|Any CPU.Build.0 = Release|Any CPU
		{2F3FBE89-0182-4026-B6A5-86198EF431F4}.Debug|Any CPU.ActiveCfg = Debug|Any CPU
		{2F3FBE89-0182-4026-B6A5-86198EF431F4}.Debug|Any CPU.Build.0 = Debug|Any CPU
		{2F3FBE89-0182-4026-B6A5-86198EF431F4}.Release|Any CPU.ActiveCfg = Release|Any CPU
		{2F3FBE89-0182-4026-B6A5-86198EF431F4}.Release|Any CPU.Build.0 = Release|Any CPU
		{B6C421E2-9A1D-467D-A59E-9105E7F1D8A5}.Debug|Any CPU.ActiveCfg = Debug|Any CPU
		{B6C421E2-9A1D-467D-A59E-9105E7F1D8A5}.Debug|Any CPU.Build.0 = Debug|Any CPU
		{B6C421E2-9A1D-467D-A59E-9105E7F1D8A5}.Release|Any CPU.ActiveCfg = Release|Any CPU
		{B6C421E2-9A1D-467D-A59E-9105E7F1D8A5}.Release|Any CPU.Build.0 = Release|Any CPU
		{CB1A8F92-1970-473B-976D-D3093D327A8F}.Debug|Any CPU.ActiveCfg = Debug|Any CPU
		{CB1A8F92-1970-473B-976D-D3093D327A8F}.Debug|Any CPU.Build.0 = Debug|Any CPU
		{CB1A8F92-1970-473B-976D-D3093D327A8F}.Release|Any CPU.ActiveCfg = Release|Any CPU
		{CB1A8F92-1970-473B-976D-D3093D327A8F}.Release|Any CPU.Build.0 = Release|Any CPU
		{59DD9963-DE88-416E-9F78-08C3AD3C484C}.Debug|Any CPU.ActiveCfg = Debug|Any CPU
		{59DD9963-DE88-416E-9F78-08C3AD3C484C}.Debug|Any CPU.Build.0 = Debug|Any CPU
		{59DD9963-DE88-416E-9F78-08C3AD3C484C}.Release|Any CPU.ActiveCfg = Release|Any CPU
		{59DD9963-DE88-416E-9F78-08C3AD3C484C}.Release|Any CPU.Build.0 = Release|Any CPU
		{D9F38176-EF82-4A23-9981-5E0F4CB1ADEE}.Debug|Any CPU.ActiveCfg = Debug|Any CPU
		{D9F38176-EF82-4A23-9981-5E0F4CB1ADEE}.Debug|Any CPU.Build.0 = Debug|Any CPU
		{D9F38176-EF82-4A23-9981-5E0F4CB1ADEE}.Release|Any CPU.ActiveCfg = Release|Any CPU
		{D9F38176-EF82-4A23-9981-5E0F4CB1ADEE}.Release|Any CPU.Build.0 = Release|Any CPU
		{11CC6161-C3D9-486D-8E0B-206BB9479D3B}.Debug|Any CPU.ActiveCfg = Debug|Any CPU
		{11CC6161-C3D9-486D-8E0B-206BB9479D3B}.Debug|Any CPU.Build.0 = Debug|Any CPU
		{11CC6161-C3D9-486D-8E0B-206BB9479D3B}.Release|Any CPU.ActiveCfg = Release|Any CPU
		{11CC6161-C3D9-486D-8E0B-206BB9479D3B}.Release|Any CPU.Build.0 = Release|Any CPU
		{BA17EAB5-6520-4435-A104-EDE47EB4CCC3}.Debug|Any CPU.ActiveCfg = Debug|Any CPU
		{BA17EAB5-6520-4435-A104-EDE47EB4CCC3}.Debug|Any CPU.Build.0 = Debug|Any CPU
		{BA17EAB5-6520-4435-A104-EDE47EB4CCC3}.Release|Any CPU.ActiveCfg = Release|Any CPU
		{BA17EAB5-6520-4435-A104-EDE47EB4CCC3}.Release|Any CPU.Build.0 = Release|Any CPU
		{D1C31107-82D7-4530-A0AA-D750A3DD8386}.Debug|Any CPU.ActiveCfg = Debug|Any CPU
		{D1C31107-82D7-4530-A0AA-D750A3DD8386}.Debug|Any CPU.Build.0 = Debug|Any CPU
		{D1C31107-82D7-4530-A0AA-D750A3DD8386}.Release|Any CPU.ActiveCfg = Release|Any CPU
		{D1C31107-82D7-4530-A0AA-D750A3DD8386}.Release|Any CPU.Build.0 = Release|Any CPU
		{F0C718DD-DA88-4DA8-B713-FA0D1B24BE7B}.Debug|Any CPU.ActiveCfg = Debug|Any CPU
		{F0C718DD-DA88-4DA8-B713-FA0D1B24BE7B}.Debug|Any CPU.Build.0 = Debug|Any CPU
		{F0C718DD-DA88-4DA8-B713-FA0D1B24BE7B}.Release|Any CPU.ActiveCfg = Release|Any CPU
		{F0C718DD-DA88-4DA8-B713-FA0D1B24BE7B}.Release|Any CPU.Build.0 = Release|Any CPU
		{98C00B81-2A3E-4450-88BE-87E684B39F31}.Debug|Any CPU.ActiveCfg = Debug|Any CPU
		{98C00B81-2A3E-4450-88BE-87E684B39F31}.Debug|Any CPU.Build.0 = Debug|Any CPU
		{98C00B81-2A3E-4450-88BE-87E684B39F31}.Release|Any CPU.ActiveCfg = Release|Any CPU
		{98C00B81-2A3E-4450-88BE-87E684B39F31}.Release|Any CPU.Build.0 = Release|Any CPU
		{83E69543-EC92-4480-A0B6-A3FD0EAD1BE4}.Debug|Any CPU.ActiveCfg = Debug|Any CPU
		{83E69543-EC92-4480-A0B6-A3FD0EAD1BE4}.Debug|Any CPU.Build.0 = Debug|Any CPU
		{83E69543-EC92-4480-A0B6-A3FD0EAD1BE4}.Release|Any CPU.ActiveCfg = Release|Any CPU
		{83E69543-EC92-4480-A0B6-A3FD0EAD1BE4}.Release|Any CPU.Build.0 = Release|Any CPU
		{4BBDC8FE-0DDE-4DD4-BB5B-C31896D5156B}.Debug|Any CPU.ActiveCfg = Debug|Any CPU
		{4BBDC8FE-0DDE-4DD4-BB5B-C31896D5156B}.Debug|Any CPU.Build.0 = Debug|Any CPU
		{4BBDC8FE-0DDE-4DD4-BB5B-C31896D5156B}.Release|Any CPU.ActiveCfg = Release|Any CPU
		{4BBDC8FE-0DDE-4DD4-BB5B-C31896D5156B}.Release|Any CPU.Build.0 = Release|Any CPU
		{47861BA0-3E49-4908-BD58-76C4F0015394}.Debug|Any CPU.ActiveCfg = Debug|Any CPU
		{47861BA0-3E49-4908-BD58-76C4F0015394}.Debug|Any CPU.Build.0 = Debug|Any CPU
		{47861BA0-3E49-4908-BD58-76C4F0015394}.Release|Any CPU.ActiveCfg = Release|Any CPU
		{47861BA0-3E49-4908-BD58-76C4F0015394}.Release|Any CPU.Build.0 = Release|Any CPU
		{02599E26-647E-4142-9A35-1523AB08717F}.Debug|Any CPU.ActiveCfg = Debug|Any CPU
		{02599E26-647E-4142-9A35-1523AB08717F}.Debug|Any CPU.Build.0 = Debug|Any CPU
		{02599E26-647E-4142-9A35-1523AB08717F}.Release|Any CPU.ActiveCfg = Release|Any CPU
		{02599E26-647E-4142-9A35-1523AB08717F}.Release|Any CPU.Build.0 = Release|Any CPU
		{BE21EDEE-BCAC-4EEB-A3D2-C450E080E2FD}.Debug|Any CPU.ActiveCfg = Debug|Any CPU
		{BE21EDEE-BCAC-4EEB-A3D2-C450E080E2FD}.Debug|Any CPU.Build.0 = Debug|Any CPU
		{BE21EDEE-BCAC-4EEB-A3D2-C450E080E2FD}.Release|Any CPU.ActiveCfg = Release|Any CPU
		{BE21EDEE-BCAC-4EEB-A3D2-C450E080E2FD}.Release|Any CPU.Build.0 = Release|Any CPU
		{60BB28EB-2853-47BF-A9F6-A385031B3C3A}.Debug|Any CPU.ActiveCfg = Debug|Any CPU
		{60BB28EB-2853-47BF-A9F6-A385031B3C3A}.Debug|Any CPU.Build.0 = Debug|Any CPU
		{60BB28EB-2853-47BF-A9F6-A385031B3C3A}.Release|Any CPU.ActiveCfg = Release|Any CPU
		{60BB28EB-2853-47BF-A9F6-A385031B3C3A}.Release|Any CPU.Build.0 = Release|Any CPU
		{201C8B1D-A85C-4682-B634-F752EDFEE5B2}.Debug|Any CPU.ActiveCfg = Debug|Any CPU
		{201C8B1D-A85C-4682-B634-F752EDFEE5B2}.Debug|Any CPU.Build.0 = Debug|Any CPU
		{201C8B1D-A85C-4682-B634-F752EDFEE5B2}.Release|Any CPU.ActiveCfg = Release|Any CPU
		{201C8B1D-A85C-4682-B634-F752EDFEE5B2}.Release|Any CPU.Build.0 = Release|Any CPU
	EndGlobalSection
	GlobalSection(SolutionProperties) = preSolution
		HideSolutionNode = FALSE
	EndGlobalSection
	GlobalSection(NestedProjects) = preSolution
		{2DD1F258-70CE-4F6B-8475-512CFF19E7A4} = {B71D8DF2-A32F-459B-B167-5F406180C548}
		{2206A30A-F468-48BD-BD98-59711A827298} = {220D69A7-1E9A-492A-B30A-C5A3664DEE9F}
		{60A3EC3C-BA12-405C-BAE8-543987F3F9AF} = {66EAAB83-655E-4C1C-B902-33687724A2B8}
		{9B5B17EF-9DE2-49FA-B44E-9461611C4D4B} = {72EBB891-7A68-4979-A1A4-3DF0FDE5FF21}
		{72EBB891-7A68-4979-A1A4-3DF0FDE5FF21} = {66EAAB83-655E-4C1C-B902-33687724A2B8}
		{B9D4AFC3-AE7D-4F42-8BB3-9B2A1394BB96} = {9B5B17EF-9DE2-49FA-B44E-9461611C4D4B}
		{4B381B36-4A82-4745-83D8-A67E45F77901} = {66EAAB83-655E-4C1C-B902-33687724A2B8}
		{029CFA15-E004-4022-A5C6-01575A2E0AA0} = {2DD1F258-70CE-4F6B-8475-512CFF19E7A4}
		{EF917AEE-6A91-47F9-A45E-E45650F9436A} = {B71D8DF2-A32F-459B-B167-5F406180C548}
		{479132F0-854E-49C4-9079-DC548EC039E3} = {9B5B17EF-9DE2-49FA-B44E-9461611C4D4B}
		{DB73B8DB-4249-49B9-90B5-38767617987C} = {7EC7380D-21CF-4BCD-91BE-CAB0F33F3A97}
		{0E35BDA1-F55F-4A44-BC11-051C6B4715AF} = {DB73B8DB-4249-49B9-90B5-38767617987C}
		{894FD5B8-EC87-4E29-A744-09D3513C212C} = {DB73B8DB-4249-49B9-90B5-38767617987C}
		{7AFDB16F-6B42-494B-BAF4-42DB78A3FABC} = {7EC7380D-21CF-4BCD-91BE-CAB0F33F3A97}
		{7EC7380D-21CF-4BCD-91BE-CAB0F33F3A97} = {9B5B17EF-9DE2-49FA-B44E-9461611C4D4B}
		{B4524714-8D8D-428B-B4E8-D2869745182D} = {9B5B17EF-9DE2-49FA-B44E-9461611C4D4B}
		{70E277A8-DFED-4415-97A2-B70EAD27B81D} = {7EC7380D-21CF-4BCD-91BE-CAB0F33F3A97}
		{2F3FBE89-0182-4026-B6A5-86198EF431F4} = {70E277A8-DFED-4415-97A2-B70EAD27B81D}
		{B6C421E2-9A1D-467D-A59E-9105E7F1D8A5} = {876E07E2-8745-407F-B50D-9464DC04A4E1}
		{CB1A8F92-1970-473B-976D-D3093D327A8F} = {876E07E2-8745-407F-B50D-9464DC04A4E1}
		{59DD9963-DE88-416E-9F78-08C3AD3C484C} = {876E07E2-8745-407F-B50D-9464DC04A4E1}
		{1E5BA4D7-A40E-495C-898C-4D0CA78F53D6} = {7EC7380D-21CF-4BCD-91BE-CAB0F33F3A97}
		{D9F38176-EF82-4A23-9981-5E0F4CB1ADEE} = {1E5BA4D7-A40E-495C-898C-4D0CA78F53D6}
		{11CC6161-C3D9-486D-8E0B-206BB9479D3B} = {7EC7380D-21CF-4BCD-91BE-CAB0F33F3A97}
		{BA17EAB5-6520-4435-A104-EDE47EB4CCC3} = {7EC7380D-21CF-4BCD-91BE-CAB0F33F3A97}
		{4F2680E6-9CDC-4D76-BF54-7AEA043B091E} = {9B5B17EF-9DE2-49FA-B44E-9461611C4D4B}
		{D1C31107-82D7-4530-A0AA-D750A3DD8386} = {4F2680E6-9CDC-4D76-BF54-7AEA043B091E}
		{F0C718DD-DA88-4DA8-B713-FA0D1B24BE7B} = {4F2680E6-9CDC-4D76-BF54-7AEA043B091E}
		{B6A3FC7D-E6EE-47F2-9979-CF032AB0E512} = {B71D8DF2-A32F-459B-B167-5F406180C548}
		{98C00B81-2A3E-4450-88BE-87E684B39F31} = {B6A3FC7D-E6EE-47F2-9979-CF032AB0E512}
		{6FEC50B5-303F-4880-B814-4B8E62C09623} = {9B5B17EF-9DE2-49FA-B44E-9461611C4D4B}
		{83E69543-EC92-4480-A0B6-A3FD0EAD1BE4} = {B71D8DF2-A32F-459B-B167-5F406180C548}
		{4BBDC8FE-0DDE-4DD4-BB5B-C31896D5156B} = {9B5B17EF-9DE2-49FA-B44E-9461611C4D4B}
		{47861BA0-3E49-4908-BD58-76C4F0015394} = {B71D8DF2-A32F-459B-B167-5F406180C548}
		{02599E26-647E-4142-9A35-1523AB08717F} = {B71D8DF2-A32F-459B-B167-5F406180C548}
		{BE21EDEE-BCAC-4EEB-A3D2-C450E080E2FD} = {B71D8DF2-A32F-459B-B167-5F406180C548}
		{60BB28EB-2853-47BF-A9F6-A385031B3C3A} = {9B5B17EF-9DE2-49FA-B44E-9461611C4D4B}
		{201C8B1D-A85C-4682-B634-F752EDFEE5B2} = {1E5BA4D7-A40E-495C-898C-4D0CA78F53D6}
	EndGlobalSection
	GlobalSection(ExtensibilityGlobals) = postSolution
		SolutionGuid = {EF7B26DB-ECC6-49E0-B2C9-CB53A94E08E9}
	EndGlobalSection
EndGlobal
