
Microsoft Visual Studio Solution File, Format Version 12.00
# Visual Studio 15
VisualStudioVersion = 15.0.27004.2009
MinimumVisualStudioVersion = 10.0.40219.1
Project("{2150E333-8FDC-42A3-9474-1A3956D46DE8}") = "Infrastructure", "Infrastructure", "{2DD1F258-70CE-4F6B-8475-512CFF19E7A4}"
EndProject
Project("{2150E333-8FDC-42A3-9474-1A3956D46DE8}") = "Modules", "Modules", "{66EAAB83-655E-4C1C-B902-33687724A2B8}"
EndProject
Project("{2150E333-8FDC-42A3-9474-1A3956D46DE8}") = "UILayer", "UILayer", "{220D69A7-1E9A-492A-B30A-C5A3664DEE9F}"
EndProject
Project("{9A19103F-16F7-4668-BE54-9A1E7A4F7556}") = "IntegrationTests", "IntegrationTests\IntegrationTests.csproj", "{05B8F5CD-A839-4D39-9EF4-CF9CC87648E1}"
EndProject
Project("{FAE04EC0-301F-11D3-BF4B-00C04F79EFBC}") = "WarpCore.Web", "WarpCore.Web\WarpCore.Web.csproj", "{2206A30A-F468-48BD-BD98-59711A827298}"
EndProject
Project("{FAE04EC0-301F-11D3-BF4B-00C04F79EFBC}") = "DemoSite", "DemoSite\DemoSite.csproj", "{178D9121-361F-43B6-9341-C4A435174022}"
EndProject
Project("{FAE04EC0-301F-11D3-BF4B-00C04F79EFBC}") = "Helpers", "BusinessLayer\Cms\Helpers.csproj", "{60A3EC3C-BA12-405C-BAE8-543987F3F9AF}"
EndProject
Project("{FAE04EC0-301F-11D3-BF4B-00C04F79EFBC}") = "AzureStorage", "Infrastructure\AzureStorage\AzureStorage.csproj", "{029CFA15-E004-4022-A5C6-01575A2E0AA0}"
EndProject
Project("{FAE04EC0-301F-11D3-BF4B-00C04F79EFBC}") = "Framework", "Infrastructure\Framework\Framework.csproj", "{EDFFB1E1-CD8A-4634-AB34-AB857963534F}"
EndProject
Project("{FAE04EC0-301F-11D3-BF4B-00C04F79EFBC}") = "AzureSearchEngine", "Infrastructure\AzureSearchEngine\AzureSearchEngine.csproj", "{050A772F-3FA0-4F1C-A1FC-B944ED5FD9CE}"
EndProject
Project("{2150E333-8FDC-42A3-9474-1A3956D46DE8}") = "Features", "Features", "{9B5B17EF-9DE2-49FA-B44E-9461611C4D4B}"
EndProject
Project("{2150E333-8FDC-42A3-9474-1A3956D46DE8}") = "Cms", "Cms", "{72EBB891-7A68-4979-A1A4-3DF0FDE5FF21}"
EndProject
Project("{FAE04EC0-301F-11D3-BF4B-00C04F79EFBC}") = "02 - Sites", "Sites\02 - Sites.csproj", "{59EE4828-438B-4EFE-BC8A-93226851304B}"
EndProject
Project("{FAE04EC0-301F-11D3-BF4B-00C04F79EFBC}") = "03 - Routing", "Routing\03 - Routing.csproj", "{B9D4AFC3-AE7D-4F42-8BB3-9B2A1394BB96}"
EndProject
Project("{FAE04EC0-301F-11D3-BF4B-00C04F79EFBC}") = "01 - Toolbox", "Toolbox\01 - Toolbox.csproj", "{1C4A66BB-372E-4A5C-BD08-49F533E5DAAE}"
EndProject
Project("{2150E333-8FDC-42A3-9474-1A3956D46DE8}") = "Platform", "Platform", "{B71D8DF2-A32F-459B-B167-5F406180C548}"
EndProject
Project("{FAE04EC0-301F-11D3-BF4B-00C04F79EFBC}") = "03 - Extensibility", "Extensibility\03 - Extensibility.csproj", "{B8D80998-FE66-409D-B451-701D7FDDA361}"
EndProject
Project("{FAE04EC0-301F-11D3-BF4B-00C04F79EFBC}") = "02 - Orm", "Orm\02 - Orm.csproj", "{0686C4D6-1E52-42B5-86ED-D563D552FBFD}"
EndProject
Project("{FAE04EC0-301F-11D3-BF4B-00C04F79EFBC}") = "01 - Kernel", "Kernel\01 - Kernel.csproj", "{1A8EB44B-2613-499C-A07C-89442225F4C6}"
EndProject
Global
	GlobalSection(SolutionConfigurationPlatforms) = preSolution
		Debug|Any CPU = Debug|Any CPU
		Release|Any CPU = Release|Any CPU
	EndGlobalSection
	GlobalSection(ProjectConfigurationPlatforms) = postSolution
		{05B8F5CD-A839-4D39-9EF4-CF9CC87648E1}.Debug|Any CPU.ActiveCfg = Debug|Any CPU
		{05B8F5CD-A839-4D39-9EF4-CF9CC87648E1}.Debug|Any CPU.Build.0 = Debug|Any CPU
		{05B8F5CD-A839-4D39-9EF4-CF9CC87648E1}.Release|Any CPU.ActiveCfg = Release|Any CPU
		{05B8F5CD-A839-4D39-9EF4-CF9CC87648E1}.Release|Any CPU.Build.0 = Release|Any CPU
		{2206A30A-F468-48BD-BD98-59711A827298}.Debug|Any CPU.ActiveCfg = Debug|Any CPU
		{2206A30A-F468-48BD-BD98-59711A827298}.Debug|Any CPU.Build.0 = Debug|Any CPU
		{2206A30A-F468-48BD-BD98-59711A827298}.Release|Any CPU.ActiveCfg = Release|Any CPU
		{2206A30A-F468-48BD-BD98-59711A827298}.Release|Any CPU.Build.0 = Release|Any CPU
		{178D9121-361F-43B6-9341-C4A435174022}.Debug|Any CPU.ActiveCfg = Debug|Any CPU
		{178D9121-361F-43B6-9341-C4A435174022}.Debug|Any CPU.Build.0 = Debug|Any CPU
		{178D9121-361F-43B6-9341-C4A435174022}.Release|Any CPU.ActiveCfg = Release|Any CPU
		{178D9121-361F-43B6-9341-C4A435174022}.Release|Any CPU.Build.0 = Release|Any CPU
		{60A3EC3C-BA12-405C-BAE8-543987F3F9AF}.Debug|Any CPU.ActiveCfg = Debug|Any CPU
		{60A3EC3C-BA12-405C-BAE8-543987F3F9AF}.Debug|Any CPU.Build.0 = Debug|Any CPU
		{60A3EC3C-BA12-405C-BAE8-543987F3F9AF}.Release|Any CPU.ActiveCfg = Release|Any CPU
		{60A3EC3C-BA12-405C-BAE8-543987F3F9AF}.Release|Any CPU.Build.0 = Release|Any CPU
		{029CFA15-E004-4022-A5C6-01575A2E0AA0}.Debug|Any CPU.ActiveCfg = Debug|Any CPU
		{029CFA15-E004-4022-A5C6-01575A2E0AA0}.Debug|Any CPU.Build.0 = Debug|Any CPU
		{029CFA15-E004-4022-A5C6-01575A2E0AA0}.Release|Any CPU.ActiveCfg = Release|Any CPU
		{029CFA15-E004-4022-A5C6-01575A2E0AA0}.Release|Any CPU.Build.0 = Release|Any CPU
		{EDFFB1E1-CD8A-4634-AB34-AB857963534F}.Debug|Any CPU.ActiveCfg = Debug|Any CPU
		{EDFFB1E1-CD8A-4634-AB34-AB857963534F}.Debug|Any CPU.Build.0 = Debug|Any CPU
		{EDFFB1E1-CD8A-4634-AB34-AB857963534F}.Release|Any CPU.ActiveCfg = Release|Any CPU
		{EDFFB1E1-CD8A-4634-AB34-AB857963534F}.Release|Any CPU.Build.0 = Release|Any CPU
		{050A772F-3FA0-4F1C-A1FC-B944ED5FD9CE}.Debug|Any CPU.ActiveCfg = Debug|Any CPU
		{050A772F-3FA0-4F1C-A1FC-B944ED5FD9CE}.Debug|Any CPU.Build.0 = Debug|Any CPU
		{050A772F-3FA0-4F1C-A1FC-B944ED5FD9CE}.Release|Any CPU.ActiveCfg = Release|Any CPU
		{050A772F-3FA0-4F1C-A1FC-B944ED5FD9CE}.Release|Any CPU.Build.0 = Release|Any CPU
		{59EE4828-438B-4EFE-BC8A-93226851304B}.Debug|Any CPU.ActiveCfg = Debug|Any CPU
		{59EE4828-438B-4EFE-BC8A-93226851304B}.Debug|Any CPU.Build.0 = Debug|Any CPU
		{59EE4828-438B-4EFE-BC8A-93226851304B}.Release|Any CPU.ActiveCfg = Release|Any CPU
		{59EE4828-438B-4EFE-BC8A-93226851304B}.Release|Any CPU.Build.0 = Release|Any CPU
		{B9D4AFC3-AE7D-4F42-8BB3-9B2A1394BB96}.Debug|Any CPU.ActiveCfg = Debug|Any CPU
		{B9D4AFC3-AE7D-4F42-8BB3-9B2A1394BB96}.Debug|Any CPU.Build.0 = Debug|Any CPU
		{B9D4AFC3-AE7D-4F42-8BB3-9B2A1394BB96}.Release|Any CPU.ActiveCfg = Release|Any CPU
		{B9D4AFC3-AE7D-4F42-8BB3-9B2A1394BB96}.Release|Any CPU.Build.0 = Release|Any CPU
		{1C4A66BB-372E-4A5C-BD08-49F533E5DAAE}.Debug|Any CPU.ActiveCfg = Debug|Any CPU
		{1C4A66BB-372E-4A5C-BD08-49F533E5DAAE}.Debug|Any CPU.Build.0 = Debug|Any CPU
		{1C4A66BB-372E-4A5C-BD08-49F533E5DAAE}.Release|Any CPU.ActiveCfg = Release|Any CPU
		{1C4A66BB-372E-4A5C-BD08-49F533E5DAAE}.Release|Any CPU.Build.0 = Release|Any CPU
		{B8D80998-FE66-409D-B451-701D7FDDA361}.Debug|Any CPU.ActiveCfg = Debug|Any CPU
		{B8D80998-FE66-409D-B451-701D7FDDA361}.Debug|Any CPU.Build.0 = Debug|Any CPU
		{B8D80998-FE66-409D-B451-701D7FDDA361}.Release|Any CPU.ActiveCfg = Release|Any CPU
		{B8D80998-FE66-409D-B451-701D7FDDA361}.Release|Any CPU.Build.0 = Release|Any CPU
		{0686C4D6-1E52-42B5-86ED-D563D552FBFD}.Debug|Any CPU.ActiveCfg = Debug|Any CPU
		{0686C4D6-1E52-42B5-86ED-D563D552FBFD}.Debug|Any CPU.Build.0 = Debug|Any CPU
		{0686C4D6-1E52-42B5-86ED-D563D552FBFD}.Release|Any CPU.ActiveCfg = Release|Any CPU
		{0686C4D6-1E52-42B5-86ED-D563D552FBFD}.Release|Any CPU.Build.0 = Release|Any CPU
		{1A8EB44B-2613-499C-A07C-89442225F4C6}.Debug|Any CPU.ActiveCfg = Debug|Any CPU
		{1A8EB44B-2613-499C-A07C-89442225F4C6}.Debug|Any CPU.Build.0 = Debug|Any CPU
		{1A8EB44B-2613-499C-A07C-89442225F4C6}.Release|Any CPU.ActiveCfg = Release|Any CPU
		{1A8EB44B-2613-499C-A07C-89442225F4C6}.Release|Any CPU.Build.0 = Release|Any CPU
	EndGlobalSection
	GlobalSection(SolutionProperties) = preSolution
		HideSolutionNode = FALSE
	EndGlobalSection
	GlobalSection(NestedProjects) = preSolution
		{2206A30A-F468-48BD-BD98-59711A827298} = {220D69A7-1E9A-492A-B30A-C5A3664DEE9F}
		{60A3EC3C-BA12-405C-BAE8-543987F3F9AF} = {66EAAB83-655E-4C1C-B902-33687724A2B8}
		{029CFA15-E004-4022-A5C6-01575A2E0AA0} = {2DD1F258-70CE-4F6B-8475-512CFF19E7A4}
		{EDFFB1E1-CD8A-4634-AB34-AB857963534F} = {2DD1F258-70CE-4F6B-8475-512CFF19E7A4}
		{050A772F-3FA0-4F1C-A1FC-B944ED5FD9CE} = {2DD1F258-70CE-4F6B-8475-512CFF19E7A4}
		{9B5B17EF-9DE2-49FA-B44E-9461611C4D4B} = {72EBB891-7A68-4979-A1A4-3DF0FDE5FF21}
		{72EBB891-7A68-4979-A1A4-3DF0FDE5FF21} = {66EAAB83-655E-4C1C-B902-33687724A2B8}
		{59EE4828-438B-4EFE-BC8A-93226851304B} = {9B5B17EF-9DE2-49FA-B44E-9461611C4D4B}
		{B9D4AFC3-AE7D-4F42-8BB3-9B2A1394BB96} = {9B5B17EF-9DE2-49FA-B44E-9461611C4D4B}
		{1C4A66BB-372E-4A5C-BD08-49F533E5DAAE} = {9B5B17EF-9DE2-49FA-B44E-9461611C4D4B}
		{B8D80998-FE66-409D-B451-701D7FDDA361} = {B71D8DF2-A32F-459B-B167-5F406180C548}
		{0686C4D6-1E52-42B5-86ED-D563D552FBFD} = {B71D8DF2-A32F-459B-B167-5F406180C548}
		{1A8EB44B-2613-499C-A07C-89442225F4C6} = {B71D8DF2-A32F-459B-B167-5F406180C548}
	EndGlobalSection
	GlobalSection(ExtensibilityGlobals) = postSolution
		SolutionGuid = {EF7B26DB-ECC6-49E0-B2C9-CB53A94E08E9}
	EndGlobalSection
EndGlobal
