
Microsoft Visual Studio Solution File, Format Version 12.00
# Visual Studio 15
VisualStudioVersion = 15.0.27004.2009
MinimumVisualStudioVersion = 10.0.40219.1
Project("{2150E333-8FDC-42A3-9474-1A3956D46DE8}") = "Infrastructure", "Infrastructure", "{2DD1F258-70CE-4F6B-8475-512CFF19E7A4}"
EndProject
Project("{2150E333-8FDC-42A3-9474-1A3956D46DE8}") = "BusinessLayer", "BusinessLayer", "{66EAAB83-655E-4C1C-B902-33687724A2B8}"
EndProject
Project("{2150E333-8FDC-42A3-9474-1A3956D46DE8}") = "UILayer", "UILayer", "{220D69A7-1E9A-492A-B30A-C5A3664DEE9F}"
EndProject
Project("{9A19103F-16F7-4668-BE54-9A1E7A4F7556}") = "IntegrationTests", "IntegrationTests\IntegrationTests.csproj", "{05B8F5CD-A839-4D39-9EF4-CF9CC87648E1}"
EndProject
Project("{FAE04EC0-301F-11D3-BF4B-00C04F79EFBC}") = "WarpCore.Web", "WarpCore.Web\WarpCore.Web.csproj", "{2206A30A-F468-48BD-BD98-59711A827298}"
EndProject
Project("{FAE04EC0-301F-11D3-BF4B-00C04F79EFBC}") = "DemoSite", "DemoSite\DemoSite.csproj", "{178D9121-361F-43B6-9341-C4A435174022}"
EndProject
Project("{FAE04EC0-301F-11D3-BF4B-00C04F79EFBC}") = "Cms", "BusinessLayer\Cms\Cms.csproj", "{60A3EC3C-BA12-405C-BAE8-543987F3F9AF}"
EndProject
Project("{FAE04EC0-301F-11D3-BF4B-00C04F79EFBC}") = "AzureStorage", "Infrastructure\AzureStorage\AzureStorage.csproj", "{029CFA15-E004-4022-A5C6-01575A2E0AA0}"
EndProject
Project("{FAE04EC0-301F-11D3-BF4B-00C04F79EFBC}") = "Framework", "Infrastructure\Framework\Framework.csproj", "{EDFFB1E1-CD8A-4634-AB34-AB857963534F}"
EndProject
Project("{FAE04EC0-301F-11D3-BF4B-00C04F79EFBC}") = "AzureSearchEngine", "Infrastructure\AzureSearchEngine\AzureSearchEngine.csproj", "{050A772F-3FA0-4F1C-A1FC-B944ED5FD9CE}"
EndProject
Global
	GlobalSection(SolutionConfigurationPlatforms) = preSolution
		Debug|Any CPU = Debug|Any CPU
		Release|Any CPU = Release|Any CPU
	EndGlobalSection
	GlobalSection(ProjectConfigurationPlatforms) = postSolution
		{05B8F5CD-A839-4D39-9EF4-CF9CC87648E1}.Debug|Any CPU.ActiveCfg = Debug|Any CPU
		{05B8F5CD-A839-4D39-9EF4-CF9CC87648E1}.Debug|Any CPU.Build.0 = Debug|Any CPU
		{05B8F5CD-A839-4D39-9EF4-CF9CC87648E1}.Release|Any CPU.ActiveCfg = Release|Any CPU
		{05B8F5CD-A839-4D39-9EF4-CF9CC87648E1}.Release|Any CPU.Build.0 = Release|Any CPU
		{2206A30A-F468-48BD-BD98-59711A827298}.Debug|Any CPU.ActiveCfg = Debug|Any CPU
		{2206A30A-F468-48BD-BD98-59711A827298}.Debug|Any CPU.Build.0 = Debug|Any CPU
		{2206A30A-F468-48BD-BD98-59711A827298}.Release|Any CPU.ActiveCfg = Release|Any CPU
		{2206A30A-F468-48BD-BD98-59711A827298}.Release|Any CPU.Build.0 = Release|Any CPU
		{178D9121-361F-43B6-9341-C4A435174022}.Debug|Any CPU.ActiveCfg = Debug|Any CPU
		{178D9121-361F-43B6-9341-C4A435174022}.Debug|Any CPU.Build.0 = Debug|Any CPU
		{178D9121-361F-43B6-9341-C4A435174022}.Release|Any CPU.ActiveCfg = Release|Any CPU
		{178D9121-361F-43B6-9341-C4A435174022}.Release|Any CPU.Build.0 = Release|Any CPU
		{60A3EC3C-BA12-405C-BAE8-543987F3F9AF}.Debug|Any CPU.ActiveCfg = Debug|Any CPU
		{60A3EC3C-BA12-405C-BAE8-543987F3F9AF}.Debug|Any CPU.Build.0 = Debug|Any CPU
		{60A3EC3C-BA12-405C-BAE8-543987F3F9AF}.Release|Any CPU.ActiveCfg = Release|Any CPU
		{60A3EC3C-BA12-405C-BAE8-543987F3F9AF}.Release|Any CPU.Build.0 = Release|Any CPU
		{029CFA15-E004-4022-A5C6-01575A2E0AA0}.Debug|Any CPU.ActiveCfg = Debug|Any CPU
		{029CFA15-E004-4022-A5C6-01575A2E0AA0}.Debug|Any CPU.Build.0 = Debug|Any CPU
		{029CFA15-E004-4022-A5C6-01575A2E0AA0}.Release|Any CPU.ActiveCfg = Release|Any CPU
		{029CFA15-E004-4022-A5C6-01575A2E0AA0}.Release|Any CPU.Build.0 = Release|Any CPU
		{EDFFB1E1-CD8A-4634-AB34-AB857963534F}.Debug|Any CPU.ActiveCfg = Debug|Any CPU
		{EDFFB1E1-CD8A-4634-AB34-AB857963534F}.Debug|Any CPU.Build.0 = Debug|Any CPU
		{EDFFB1E1-CD8A-4634-AB34-AB857963534F}.Release|Any CPU.ActiveCfg = Release|Any CPU
		{EDFFB1E1-CD8A-4634-AB34-AB857963534F}.Release|Any CPU.Build.0 = Release|Any CPU
		{050A772F-3FA0-4F1C-A1FC-B944ED5FD9CE}.Debug|Any CPU.ActiveCfg = Debug|Any CPU
		{050A772F-3FA0-4F1C-A1FC-B944ED5FD9CE}.Debug|Any CPU.Build.0 = Debug|Any CPU
		{050A772F-3FA0-4F1C-A1FC-B944ED5FD9CE}.Release|Any CPU.ActiveCfg = Release|Any CPU
		{050A772F-3FA0-4F1C-A1FC-B944ED5FD9CE}.Release|Any CPU.Build.0 = Release|Any CPU
	EndGlobalSection
	GlobalSection(SolutionProperties) = preSolution
		HideSolutionNode = FALSE
	EndGlobalSection
	GlobalSection(NestedProjects) = preSolution
		{2206A30A-F468-48BD-BD98-59711A827298} = {220D69A7-1E9A-492A-B30A-C5A3664DEE9F}
		{60A3EC3C-BA12-405C-BAE8-543987F3F9AF} = {66EAAB83-655E-4C1C-B902-33687724A2B8}
		{029CFA15-E004-4022-A5C6-01575A2E0AA0} = {2DD1F258-70CE-4F6B-8475-512CFF19E7A4}
		{EDFFB1E1-CD8A-4634-AB34-AB857963534F} = {2DD1F258-70CE-4F6B-8475-512CFF19E7A4}
		{050A772F-3FA0-4F1C-A1FC-B944ED5FD9CE} = {2DD1F258-70CE-4F6B-8475-512CFF19E7A4}
	EndGlobalSection
	GlobalSection(ExtensibilityGlobals) = postSolution
		SolutionGuid = {EF7B26DB-ECC6-49E0-B2C9-CB53A94E08E9}
	EndGlobalSection
EndGlobal
